
Microsoft Visual Studio Solution File, Format Version 12.00
# Visual Studio Version 17
VisualStudioVersion = 17.0.31903.59
MinimumVisualStudioVersion = 10.0.40219.1
Project("{2150E333-8FDC-42A3-9474-1A3956D46DE8}") = "Domain", "Domain", "{996CEBED-A05B-5D42-3FF0-982E087A2599}"
EndProject
Project("{FAE04EC0-301F-11D3-BF4B-00C04F79EFBC}") = "OrderManagement.Domain", "Domain\OrderManagement.Domain\OrderManagement.Domain.csproj", "{05690C4D-C5CF-4892-9B72-B95DA5303E8A}"
EndProject
Project("{2150E333-8FDC-42A3-9474-1A3956D46DE8}") = "Application", "Application", "{A74F262E-BDE7-D5D2-89E9-785413424D0A}"
EndProject
Project("{FAE04EC0-301F-11D3-BF4B-00C04F79EFBC}") = "OrderManagement.Application", "Application\OrderManagement.Application\OrderManagement.Application.csproj", "{CE688FC2-1AF4-4297-B7A6-CBCAC46E00EA}"
EndProject
Project("{2150E333-8FDC-42A3-9474-1A3956D46DE8}") = "Infrastructure", "Infrastructure", "{DFEE68D8-A7D0-1A41-506C-9B74AA9A7B7B}"
EndProject
Project("{FAE04EC0-301F-11D3-BF4B-00C04F79EFBC}") = "OrderManagement.Infrastructure", "Infrastructure\OrderManagement.Infrastructure\OrderManagement.Infrastructure.csproj", "{5CAFE544-78B4-41DC-AA2A-001E478DE690}"
EndProject
Project("{2150E333-8FDC-42A3-9474-1A3956D46DE8}") = "API", "API", "{D82C56D6-B2CD-F611-9E31-04638F7EC30E}"
EndProject
Project("{FAE04EC0-301F-11D3-BF4B-00C04F79EFBC}") = "OrderManagement.API", "API\OrderManagement.API\OrderManagement.API.csproj", "{AF0B7C76-5AB1-4DE0-B1D5-206C36B7E686}"
EndProject
Global
	GlobalSection(SolutionConfigurationPlatforms) = preSolution
		Debug|Any CPU = Debug|Any CPU
		Debug|x64 = Debug|x64
		Debug|x86 = Debug|x86
		Release|Any CPU = Release|Any CPU
		Release|x64 = Release|x64
		Release|x86 = Release|x86
	EndGlobalSection
	GlobalSection(ProjectConfigurationPlatforms) = postSolution
		{05690C4D-C5CF-4892-9B72-B95DA5303E8A}.Debug|Any CPU.ActiveCfg = Debug|Any CPU
		{05690C4D-C5CF-4892-9B72-B95DA5303E8A}.Debug|Any CPU.Build.0 = Debug|Any CPU
		{05690C4D-C5CF-4892-9B72-B95DA5303E8A}.Debug|x64.ActiveCfg = Debug|Any CPU
		{05690C4D-C5CF-4892-9B72-B95DA5303E8A}.Debug|x64.Build.0 = Debug|Any CPU
		{05690C4D-C5CF-4892-9B72-B95DA5303E8A}.Debug|x86.ActiveCfg = Debug|Any CPU
		{05690C4D-C5CF-4892-9B72-B95DA5303E8A}.Debug|x86.Build.0 = Debug|Any CPU
		{05690C4D-C5CF-4892-9B72-B95DA5303E8A}.Release|Any CPU.ActiveCfg = Release|Any CPU
		{05690C4D-C5CF-4892-9B72-B95DA5303E8A}.Release|Any CPU.Build.0 = Release|Any CPU
		{05690C4D-C5CF-4892-9B72-B95DA5303E8A}.Release|x64.ActiveCfg = Release|Any CPU
		{05690C4D-C5CF-4892-9B72-B95DA5303E8A}.Release|x64.Build.0 = Release|Any CPU
		{05690C4D-C5CF-4892-9B72-B95DA5303E8A}.Release|x86.ActiveCfg = Release|Any CPU
		{05690C4D-C5CF-4892-9B72-B95DA5303E8A}.Release|x86.Build.0 = Release|Any CPU
		{CE688FC2-1AF4-4297-B7A6-CBCAC46E00EA}.Debug|Any CPU.ActiveCfg = Debug|Any CPU
		{CE688FC2-1AF4-4297-B7A6-CBCAC46E00EA}.Debug|Any CPU.Build.0 = Debug|Any CPU
		{CE688FC2-1AF4-4297-B7A6-CBCAC46E00EA}.Debug|x64.ActiveCfg = Debug|Any CPU
		{CE688FC2-1AF4-4297-B7A6-CBCAC46E00EA}.Debug|x64.Build.0 = Debug|Any CPU
		{CE688FC2-1AF4-4297-B7A6-CBCAC46E00EA}.Debug|x86.ActiveCfg = Debug|Any CPU
		{CE688FC2-1AF4-4297-B7A6-CBCAC46E00EA}.Debug|x86.Build.0 = Debug|Any CPU
		{CE688FC2-1AF4-4297-B7A6-CBCAC46E00EA}.Release|Any CPU.ActiveCfg = Release|Any CPU
		{CE688FC2-1AF4-4297-B7A6-CBCAC46E00EA}.Release|Any CPU.Build.0 = Release|Any CPU
		{CE688FC2-1AF4-4297-B7A6-CBCAC46E00EA}.Release|x64.ActiveCfg = Release|Any CPU
		{CE688FC2-1AF4-4297-B7A6-CBCAC46E00EA}.Release|x64.Build.0 = Release|Any CPU
		{CE688FC2-1AF4-4297-B7A6-CBCAC46E00EA}.Release|x86.ActiveCfg = Release|Any CPU
		{CE688FC2-1AF4-4297-B7A6-CBCAC46E00EA}.Release|x86.Build.0 = Release|Any CPU
		{5CAFE544-78B4-41DC-AA2A-001E478DE690}.Debug|Any CPU.ActiveCfg = Debug|Any CPU
		{5CAFE544-78B4-41DC-AA2A-001E478DE690}.Debug|Any CPU.Build.0 = Debug|Any CPU
		{5CAFE544-78B4-41DC-AA2A-001E478DE690}.Debug|x64.ActiveCfg = Debug|Any CPU
		{5CAFE544-78B4-41DC-AA2A-001E478DE690}.Debug|x64.Build.0 = Debug|Any CPU
		{5CAFE544-78B4-41DC-AA2A-001E478DE690}.Debug|x86.ActiveCfg = Debug|Any CPU
		{5CAFE544-78B4-41DC-AA2A-001E478DE690}.Debug|x86.Build.0 = Debug|Any CPU
		{5CAFE544-78B4-41DC-AA2A-001E478DE690}.Release|Any CPU.ActiveCfg = Release|Any CPU
		{5CAFE544-78B4-41DC-AA2A-001E478DE690}.Release|Any CPU.Build.0 = Release|Any CPU
		{5CAFE544-78B4-41DC-AA2A-001E478DE690}.Release|x64.ActiveCfg = Release|Any CPU
		{5CAFE544-78B4-41DC-AA2A-001E478DE690}.Release|x64.Build.0 = Release|Any CPU
		{5CAFE544-78B4-41DC-AA2A-001E478DE690}.Release|x86.ActiveCfg = Release|Any CPU
		{5CAFE544-78B4-41DC-AA2A-001E478DE690}.Release|x86.Build.0 = Release|Any CPU
		{AF0B7C76-5AB1-4DE0-B1D5-206C36B7E686}.Debug|Any CPU.ActiveCfg = Debug|Any CPU
		{AF0B7C76-5AB1-4DE0-B1D5-206C36B7E686}.Debug|Any CPU.Build.0 = Debug|Any CPU
		{AF0B7C76-5AB1-4DE0-B1D5-206C36B7E686}.Debug|x64.ActiveCfg = Debug|Any CPU
		{AF0B7C76-5AB1-4DE0-B1D5-206C36B7E686}.Debug|x64.Build.0 = Debug|Any CPU
		{AF0B7C76-5AB1-4DE0-B1D5-206C36B7E686}.Debug|x86.ActiveCfg = Debug|Any CPU
		{AF0B7C76-5AB1-4DE0-B1D5-206C36B7E686}.Debug|x86.Build.0 = Debug|Any CPU
		{AF0B7C76-5AB1-4DE0-B1D5-206C36B7E686}.Release|Any CPU.ActiveCfg = Release|Any CPU
		{AF0B7C76-5AB1-4DE0-B1D5-206C36B7E686}.Release|Any CPU.Build.0 = Release|Any CPU
		{AF0B7C76-5AB1-4DE0-B1D5-206C36B7E686}.Release|x64.ActiveCfg = Release|Any CPU
		{AF0B7C76-5AB1-4DE0-B1D5-206C36B7E686}.Release|x64.Build.0 = Release|Any CPU
		{AF0B7C76-5AB1-4DE0-B1D5-206C36B7E686}.Release|x86.ActiveCfg = Release|Any CPU
		{AF0B7C76-5AB1-4DE0-B1D5-206C36B7E686}.Release|x86.Build.0 = Release|Any CPU
	EndGlobalSection
	GlobalSection(SolutionProperties) = preSolution
		HideSolutionNode = FALSE
	EndGlobalSection
	GlobalSection(NestedProjects) = preSolution
		{05690C4D-C5CF-4892-9B72-B95DA5303E8A} = {996CEBED-A05B-5D42-3FF0-982E087A2599}
		{CE688FC2-1AF4-4297-B7A6-CBCAC46E00EA} = {A74F262E-BDE7-D5D2-89E9-785413424D0A}
		{5CAFE544-78B4-41DC-AA2A-001E478DE690} = {DFEE68D8-A7D0-1A41-506C-9B74AA9A7B7B}
		{AF0B7C76-5AB1-4DE0-B1D5-206C36B7E686} = {D82C56D6-B2CD-F611-9E31-04638F7EC30E}
	EndGlobalSection
EndGlobal
