
Microsoft Visual Studio Solution File, Format Version 12.00
# Visual Studio Version 17
VisualStudioVersion = 17.0.31903.59
MinimumVisualStudioVersion = 10.0.40219.1
Project("{2150E333-8FDC-42A3-9474-1A3956D46DE8}") = "src", "src", "{827E0CD3-B72D-47B6-A68D-7590B98EB39B}"
EndProject
Project("{2150E333-8FDC-42A3-9474-1A3956D46DE8}") = "Domain", "Domain", "{8B290487-4C16-E85E-E807-F579CBE9FC4D}"
EndProject
Project("{FAE04EC0-301F-11D3-BF4B-00C04F79EFBC}") = "OrderManagement.Domain", "src\Domain\OrderManagement.Domain\OrderManagement.Domain.csproj", "{D1539879-53E8-4441-A035-FF38A5D24866}"
EndProject
Project("{2150E333-8FDC-42A3-9474-1A3956D46DE8}") = "Application", "Application", "{22BAF98C-8415-17C4-B26A-D537657BC863}"
EndProject
Project("{FAE04EC0-301F-11D3-BF4B-00C04F79EFBC}") = "OrderManagement.Application", "src\Application\OrderManagement.Application\OrderManagement.Application.csproj", "{D15F24A8-E3A7-4C04-B2B0-65E465B5735F}"
EndProject
Project("{2150E333-8FDC-42A3-9474-1A3956D46DE8}") = "Infrastructure", "Infrastructure", "{9048EB7F-3875-A59E-E36B-5BD4C6F2A282}"
EndProject
Project("{FAE04EC0-301F-11D3-BF4B-00C04F79EFBC}") = "OrderManagement.Infrastructure", "src\Infrastructure\OrderManagement.Infrastructure\OrderManagement.Infrastructure.csproj", "{3C80AD12-3DE2-40EE-A471-E769F4475BEA}"
EndProject
Project("{2150E333-8FDC-42A3-9474-1A3956D46DE8}") = "API", "API", "{81034408-37C8-1011-444E-4C15C2FADA8E}"
EndProject
Project("{FAE04EC0-301F-11D3-BF4B-00C04F79EFBC}") = "OrderManagement.API", "src\API\OrderManagement.API\OrderManagement.API.csproj", "{A04DAB70-3874-4D25-AF43-2BC3F0A36BFA}"
EndProject
Project("{2150E333-8FDC-42A3-9474-1A3956D46DE8}") = "tests", "tests", "{0AB3BF05-4346-4AA6-1389-037BE0695223}"
EndProject
Project("{FAE04EC0-301F-11D3-BF4B-00C04F79EFBC}") = "OrderManagement.UnitTests", "tests\OrderManagement.UnitTests\OrderManagement.UnitTests.csproj", "{73A19124-DF3B-486F-BD11-EA8980691E83}"
EndProject
Project("{FAE04EC0-301F-11D3-BF4B-00C04F79EFBC}") = "OrderManagement.IntegrationTests", "tests\OrderManagement.IntegrationTests\OrderManagement.IntegrationTests.csproj", "{FA8E6580-A2CC-4E67-8794-6404978C3C4A}"
EndProject
Global
	GlobalSection(SolutionConfigurationPlatforms) = preSolution
		Debug|Any CPU = Debug|Any CPU
		Debug|x64 = Debug|x64
		Debug|x86 = Debug|x86
		Release|Any CPU = Release|Any CPU
		Release|x64 = Release|x64
		Release|x86 = Release|x86
	EndGlobalSection
	GlobalSection(ProjectConfigurationPlatforms) = postSolution
		{D1539879-53E8-4441-A035-FF38A5D24866}.Debug|Any CPU.ActiveCfg = Debug|Any CPU
		{D1539879-53E8-4441-A035-FF38A5D24866}.Debug|Any CPU.Build.0 = Debug|Any CPU
		{D1539879-53E8-4441-A035-FF38A5D24866}.Debug|x64.ActiveCfg = Debug|Any CPU
		{D1539879-53E8-4441-A035-FF38A5D24866}.Debug|x64.Build.0 = Debug|Any CPU
		{D1539879-53E8-4441-A035-FF38A5D24866}.Debug|x86.ActiveCfg = Debug|Any CPU
		{D1539879-53E8-4441-A035-FF38A5D24866}.Debug|x86.Build.0 = Debug|Any CPU
		{D1539879-53E8-4441-A035-FF38A5D24866}.Release|Any CPU.ActiveCfg = Release|Any CPU
		{D1539879-53E8-4441-A035-FF38A5D24866}.Release|Any CPU.Build.0 = Release|Any CPU
		{D1539879-53E8-4441-A035-FF38A5D24866}.Release|x64.ActiveCfg = Release|Any CPU
		{D1539879-53E8-4441-A035-FF38A5D24866}.Release|x64.Build.0 = Release|Any CPU
		{D1539879-53E8-4441-A035-FF38A5D24866}.Release|x86.ActiveCfg = Release|Any CPU
		{D1539879-53E8-4441-A035-FF38A5D24866}.Release|x86.Build.0 = Release|Any CPU
		{D15F24A8-E3A7-4C04-B2B0-65E465B5735F}.Debug|Any CPU.ActiveCfg = Debug|Any CPU
		{D15F24A8-E3A7-4C04-B2B0-65E465B5735F}.Debug|Any CPU.Build.0 = Debug|Any CPU
		{D15F24A8-E3A7-4C04-B2B0-65E465B5735F}.Debug|x64.ActiveCfg = Debug|Any CPU
		{D15F24A8-E3A7-4C04-B2B0-65E465B5735F}.Debug|x64.Build.0 = Debug|Any CPU
		{D15F24A8-E3A7-4C04-B2B0-65E465B5735F}.Debug|x86.ActiveCfg = Debug|Any CPU
		{D15F24A8-E3A7-4C04-B2B0-65E465B5735F}.Debug|x86.Build.0 = Debug|Any CPU
		{D15F24A8-E3A7-4C04-B2B0-65E465B5735F}.Release|Any CPU.ActiveCfg = Release|Any CPU
		{D15F24A8-E3A7-4C04-B2B0-65E465B5735F}.Release|Any CPU.Build.0 = Release|Any CPU
		{D15F24A8-E3A7-4C04-B2B0-65E465B5735F}.Release|x64.ActiveCfg = Release|Any CPU
		{D15F24A8-E3A7-4C04-B2B0-65E465B5735F}.Release|x64.Build.0 = Release|Any CPU
		{D15F24A8-E3A7-4C04-B2B0-65E465B5735F}.Release|x86.ActiveCfg = Release|Any CPU
		{D15F24A8-E3A7-4C04-B2B0-65E465B5735F}.Release|x86.Build.0 = Release|Any CPU
		{3C80AD12-3DE2-40EE-A471-E769F4475BEA}.Debug|Any CPU.ActiveCfg = Debug|Any CPU
		{3C80AD12-3DE2-40EE-A471-E769F4475BEA}.Debug|Any CPU.Build.0 = Debug|Any CPU
		{3C80AD12-3DE2-40EE-A471-E769F4475BEA}.Debug|x64.ActiveCfg = Debug|Any CPU
		{3C80AD12-3DE2-40EE-A471-E769F4475BEA}.Debug|x64.Build.0 = Debug|Any CPU
		{3C80AD12-3DE2-40EE-A471-E769F4475BEA}.Debug|x86.ActiveCfg = Debug|Any CPU
		{3C80AD12-3DE2-40EE-A471-E769F4475BEA}.Debug|x86.Build.0 = Debug|Any CPU
		{3C80AD12-3DE2-40EE-A471-E769F4475BEA}.Release|Any CPU.ActiveCfg = Release|Any CPU
		{3C80AD12-3DE2-40EE-A471-E769F4475BEA}.Release|Any CPU.Build.0 = Release|Any CPU
		{3C80AD12-3DE2-40EE-A471-E769F4475BEA}.Release|x64.ActiveCfg = Release|Any CPU
		{3C80AD12-3DE2-40EE-A471-E769F4475BEA}.Release|x64.Build.0 = Release|Any CPU
		{3C80AD12-3DE2-40EE-A471-E769F4475BEA}.Release|x86.ActiveCfg = Release|Any CPU
		{3C80AD12-3DE2-40EE-A471-E769F4475BEA}.Release|x86.Build.0 = Release|Any CPU
		{A04DAB70-3874-4D25-AF43-2BC3F0A36BFA}.Debug|Any CPU.ActiveCfg = Debug|Any CPU
		{A04DAB70-3874-4D25-AF43-2BC3F0A36BFA}.Debug|Any CPU.Build.0 = Debug|Any CPU
		{A04DAB70-3874-4D25-AF43-2BC3F0A36BFA}.Debug|x64.ActiveCfg = Debug|Any CPU
		{A04DAB70-3874-4D25-AF43-2BC3F0A36BFA}.Debug|x64.Build.0 = Debug|Any CPU
		{A04DAB70-3874-4D25-AF43-2BC3F0A36BFA}.Debug|x86.ActiveCfg = Debug|Any CPU
		{A04DAB70-3874-4D25-AF43-2BC3F0A36BFA}.Debug|x86.Build.0 = Debug|Any CPU
		{A04DAB70-3874-4D25-AF43-2BC3F0A36BFA}.Release|Any CPU.ActiveCfg = Release|Any CPU
		{A04DAB70-3874-4D25-AF43-2BC3F0A36BFA}.Release|Any CPU.Build.0 = Release|Any CPU
		{A04DAB70-3874-4D25-AF43-2BC3F0A36BFA}.Release|x64.ActiveCfg = Release|Any CPU
		{A04DAB70-3874-4D25-AF43-2BC3F0A36BFA}.Release|x64.Build.0 = Release|Any CPU
		{A04DAB70-3874-4D25-AF43-2BC3F0A36BFA}.Release|x86.ActiveCfg = Release|Any CPU
		{A04DAB70-3874-4D25-AF43-2BC3F0A36BFA}.Release|x86.Build.0 = Release|Any CPU
		{73A19124-DF3B-486F-BD11-EA8980691E83}.Debug|Any CPU.ActiveCfg = Debug|Any CPU
		{73A19124-DF3B-486F-BD11-EA8980691E83}.Debug|Any CPU.Build.0 = Debug|Any CPU
		{73A19124-DF3B-486F-BD11-EA8980691E83}.Debug|x64.ActiveCfg = Debug|Any CPU
		{73A19124-DF3B-486F-BD11-EA8980691E83}.Debug|x64.Build.0 = Debug|Any CPU
		{73A19124-DF3B-486F-BD11-EA8980691E83}.Debug|x86.ActiveCfg = Debug|Any CPU
		{73A19124-DF3B-486F-BD11-EA8980691E83}.Debug|x86.Build.0 = Debug|Any CPU
		{73A19124-DF3B-486F-BD11-EA8980691E83}.Release|Any CPU.ActiveCfg = Release|Any CPU
		{73A19124-DF3B-486F-BD11-EA8980691E83}.Release|Any CPU.Build.0 = Release|Any CPU
		{73A19124-DF3B-486F-BD11-EA8980691E83}.Release|x64.ActiveCfg = Release|Any CPU
		{73A19124-DF3B-486F-BD11-EA8980691E83}.Release|x64.Build.0 = Release|Any CPU
		{73A19124-DF3B-486F-BD11-EA8980691E83}.Release|x86.ActiveCfg = Release|Any CPU
		{73A19124-DF3B-486F-BD11-EA8980691E83}.Release|x86.Build.0 = Release|Any CPU
		{FA8E6580-A2CC-4E67-8794-6404978C3C4A}.Debug|Any CPU.ActiveCfg = Debug|Any CPU
		{FA8E6580-A2CC-4E67-8794-6404978C3C4A}.Debug|Any CPU.Build.0 = Debug|Any CPU
		{FA8E6580-A2CC-4E67-8794-6404978C3C4A}.Debug|x64.ActiveCfg = Debug|Any CPU
		{FA8E6580-A2CC-4E67-8794-6404978C3C4A}.Debug|x64.Build.0 = Debug|Any CPU
		{FA8E6580-A2CC-4E67-8794-6404978C3C4A}.Debug|x86.ActiveCfg = Debug|Any CPU
		{FA8E6580-A2CC-4E67-8794-6404978C3C4A}.Debug|x86.Build.0 = Debug|Any CPU
		{FA8E6580-A2CC-4E67-8794-6404978C3C4A}.Release|Any CPU.ActiveCfg = Release|Any CPU
		{FA8E6580-A2CC-4E67-8794-6404978C3C4A}.Release|Any CPU.Build.0 = Release|Any CPU
		{FA8E6580-A2CC-4E67-8794-6404978C3C4A}.Release|x64.ActiveCfg = Release|Any CPU
		{FA8E6580-A2CC-4E67-8794-6404978C3C4A}.Release|x64.Build.0 = Release|Any CPU
		{FA8E6580-A2CC-4E67-8794-6404978C3C4A}.Release|x86.ActiveCfg = Release|Any CPU
		{FA8E6580-A2CC-4E67-8794-6404978C3C4A}.Release|x86.Build.0 = Release|Any CPU
	EndGlobalSection
	GlobalSection(SolutionProperties) = preSolution
		HideSolutionNode = FALSE
	EndGlobalSection
	GlobalSection(NestedProjects) = preSolution
		{8B290487-4C16-E85E-E807-F579CBE9FC4D} = {827E0CD3-B72D-47B6-A68D-7590B98EB39B}
		{D1539879-53E8-4441-A035-FF38A5D24866} = {8B290487-4C16-E85E-E807-F579CBE9FC4D}
		{22BAF98C-8415-17C4-B26A-D537657BC863} = {827E0CD3-B72D-47B6-A68D-7590B98EB39B}
		{D15F24A8-E3A7-4C04-B2B0-65E465B5735F} = {22BAF98C-8415-17C4-B26A-D537657BC863}
		{9048EB7F-3875-A59E-E36B-5BD4C6F2A282} = {827E0CD3-B72D-47B6-A68D-7590B98EB39B}
		{3C80AD12-3DE2-40EE-A471-E769F4475BEA} = {9048EB7F-3875-A59E-E36B-5BD4C6F2A282}
		{81034408-37C8-1011-444E-4C15C2FADA8E} = {827E0CD3-B72D-47B6-A68D-7590B98EB39B}
		{A04DAB70-3874-4D25-AF43-2BC3F0A36BFA} = {81034408-37C8-1011-444E-4C15C2FADA8E}
		{73A19124-DF3B-486F-BD11-EA8980691E83} = {0AB3BF05-4346-4AA6-1389-037BE0695223}
		{FA8E6580-A2CC-4E67-8794-6404978C3C4A} = {0AB3BF05-4346-4AA6-1389-037BE0695223}
	EndGlobalSection
EndGlobal
